
Microsoft Visual Studio Solution File, Format Version 12.00
# Visual Studio Version 17
VisualStudioVersion = 17.6.33829.357
MinimumVisualStudioVersion = 10.0.40219.1
Project("{FAE04EC0-301F-11D3-BF4B-00C04F79EFBC}") = "APIStreamingUTHG1.WebAPI", "APIStreamingUTHG1.WebAPI\APIStreamingUTHG1.WebAPI.csproj", "{A73B24E9-3C69-4DB2-AB75-829BFF1A795E}"
EndProject
Project("{FAE04EC0-301F-11D3-BF4B-00C04F79EFBC}") = "APIStreamingUTHG1.DataAccess", "APIStreamingUTHG1.DataAccess\APIStreamingUTHG1.DataAccess.csproj", "{7EC64213-D191-4311-9245-CCEC1D729A09}"
EndProject
Global
	GlobalSection(SolutionConfigurationPlatforms) = preSolution
		Debug|Any CPU = Debug|Any CPU
		Release|Any CPU = Release|Any CPU
	EndGlobalSection
	GlobalSection(ProjectConfigurationPlatforms) = postSolution
		{A73B24E9-3C69-4DB2-AB75-829BFF1A795E}.Debug|Any CPU.ActiveCfg = Debug|Any CPU
		{A73B24E9-3C69-4DB2-AB75-829BFF1A795E}.Debug|Any CPU.Build.0 = Debug|Any CPU
		{A73B24E9-3C69-4DB2-AB75-829BFF1A795E}.Release|Any CPU.ActiveCfg = Release|Any CPU
		{A73B24E9-3C69-4DB2-AB75-829BFF1A795E}.Release|Any CPU.Build.0 = Release|Any CPU
		{7EC64213-D191-4311-9245-CCEC1D729A09}.Debug|Any CPU.ActiveCfg = Debug|Any CPU
		{7EC64213-D191-4311-9245-CCEC1D729A09}.Debug|Any CPU.Build.0 = Debug|Any CPU
		{7EC64213-D191-4311-9245-CCEC1D729A09}.Release|Any CPU.ActiveCfg = Release|Any CPU
		{7EC64213-D191-4311-9245-CCEC1D729A09}.Release|Any CPU.Build.0 = Release|Any CPU
	EndGlobalSection
	GlobalSection(SolutionProperties) = preSolution
		HideSolutionNode = FALSE
	EndGlobalSection
	GlobalSection(ExtensibilityGlobals) = postSolution
		SolutionGuid = {1E133211-71CD-45EA-B409-7CC01A6DACD5}
	EndGlobalSection
EndGlobal
